
Microsoft Visual Studio Solution File, Format Version 12.00
# Visual Studio Version 16
VisualStudioVersion = 16.0.31025.194
MinimumVisualStudioVersion = 10.0.40219.1
Project("{FAE04EC0-301F-11D3-BF4B-00C04F79EFBC}") = "WPF_App", "WPF_App\WPF_App.csproj", "{62CD276C-E940-4517-8A15-3EA9AA8F32A8}"
EndProject
Global
	GlobalSection(SolutionConfigurationPlatforms) = preSolution
		Debug|Any CPU = Debug|Any CPU
		Release|Any CPU = Release|Any CPU
	EndGlobalSection
	GlobalSection(ProjectConfigurationPlatforms) = postSolution
		{62CD276C-E940-4517-8A15-3EA9AA8F32A8}.Debug|Any CPU.ActiveCfg = Debug|Any CPU
		{62CD276C-E940-4517-8A15-3EA9AA8F32A8}.Debug|Any CPU.Build.0 = Debug|Any CPU
		{62CD276C-E940-4517-8A15-3EA9AA8F32A8}.Release|Any CPU.ActiveCfg = Release|Any CPU
		{62CD276C-E940-4517-8A15-3EA9AA8F32A8}.Release|Any CPU.Build.0 = Release|Any CPU
	EndGlobalSection
	GlobalSection(SolutionProperties) = preSolution
		HideSolutionNode = FALSE
	EndGlobalSection
	GlobalSection(ExtensibilityGlobals) = postSolution
		SolutionGuid = {E4022463-DE47-4D9A-AEB7-C01F79BD4858}
	EndGlobalSection
EndGlobal
